{
  "name": "react-native-i18n-new",
  "version": "2.0.16",
  "lockfileVersion": 3,
  "requires": true,
  "packages": {
    "": {
      "name": "react-native-i18n-new",
      "version": "2.0.16",
      "license": "MIT",
      "dependencies": {
        "i18n-js": "3.0.11"
      }
    },
    "node_modules/i18n-js": {
      "version": "3.0.11",
      "resolved": "https://registry.npmjs.org/i18n-js/-/i18n-js-3.0.11.tgz",
      "integrity": "sha512-v7dG3kYJTQTyox3NqDabPDE/ZotWntyMI9kh4cYi+XlCSnsIR+KBTS2opPyObL8WndnklcLzbNU92FP/mLge3Q=="
    }
  }
}
